<?xml version="1.0" encoding="utf-8"?>
<Project ToolsVersion="4.0" xmlns="http://schemas.microsoft.com/developer/msbuild/2003">
  <ItemGroup>
    <Filter Include="源文件">
      <UniqueIdentifier>{4FC737F1-C7A5-4376-A066-2A32D752A2FF}</UniqueIdentifier>
      <Extensions>cpp;c;cc;cxx;def;odl;idl;hpj;bat;asm;asmx</Extensions>
    </Filter>
    <Filter Include="头文件">
      <UniqueIdentifier>{93995380-89BD-4b04-88EB-625FBE52EBFB}</UniqueIdentifier>
      <Extensions>h;hpp;hxx;hm;inl;inc;xsd</Extensions>
    </Filter>
    <Filter Include="资源文件">
      <UniqueIdentifier>{67DA6AB6-F800-4c08-8B7A-83BB121AAD01}</UniqueIdentifier>
      <Extensions>rc;ico;cur;bmp;dlg;rc2;rct;bin;rgs;gif;jpg;jpeg;jpe;resx;tiff;tif;png;wav</Extensions>
    </Filter>
  </ItemGroup>
  <ItemGroup>
    <ClCompile Include="Src\ArrayListMsg.cpp">
      <Filter>源文件</Filter>
    </ClCompile>
    <ClCompile Include="Src\BroadcastPacket.cpp">
      <Filter>源文件</Filter>
    </ClCompile>
    <ClCompile Include="Src\HashtableMsg.cpp">
      <Filter>源文件</Filter>
    </ClCompile>
    <ClCompile Include="Src\IpcPacket.cpp">
      <Filter>源文件</Filter>
    </ClCompile>
    <ClCompile Include="Src\LinePacket.cpp">
      <Filter>源文件</Filter>
    </ClCompile>
    <ClCompile Include="Src\PairPacket.cpp">
      <Filter>源文件</Filter>
    </ClCompile>
    <ClCompile Include="Src\ProcessInterfaceCmd.cpp">
      <Filter>源文件</Filter>
    </ClCompile>
    <ClCompile Include="Src\ProcessInterfaceH1C.cpp">
      <Filter>源文件</Filter>
    </ClCompile>
    <ClCompile Include="Src\ProcessInterfaceH2C.cpp">
      <Filter>源文件</Filter>
    </ClCompile>
    <ClCompile Include="Src\ProcessInterfaceKC.cpp">
      <Filter>源文件</Filter>
    </ClCompile>
    <ClCompile Include="Src\processinterfaceKS.cpp">
      <Filter>源文件</Filter>
    </ClCompile>
    <ClCompile Include="Src\TradePacket.cpp">
      <Filter>源文件</Filter>
    </ClCompile>
  </ItemGroup>
  <ItemGroup>
    <ClInclude Include="Include\ApConstant.h">
      <Filter>头文件</Filter>
    </ClInclude>
    <ClInclude Include="Include\ArrayListMsg.h">
      <Filter>头文件</Filter>
    </ClInclude>
    <ClInclude Include="Include\BroadcastPacket.h">
      <Filter>头文件</Filter>
    </ClInclude>
    <ClInclude Include="Include\CommAp.h">
      <Filter>头文件</Filter>
    </ClInclude>
    <ClInclude Include="Include\HashtableMsg.h">
      <Filter>头文件</Filter>
    </ClInclude>
    <ClInclude Include="Include\IpcPacket.h">
      <Filter>头文件</Filter>
    </ClInclude>
    <ClInclude Include="Include\LinePacket.h">
      <Filter>头文件</Filter>
    </ClInclude>
    <ClInclude Include="Include\PairPacket.h">
      <Filter>头文件</Filter>
    </ClInclude>
    <ClInclude Include="Include\ProcessInterfaceCmd.h">
      <Filter>头文件</Filter>
    </ClInclude>
    <ClInclude Include="Include\ProcessInterfaceH1C.h">
      <Filter>头文件</Filter>
    </ClInclude>
    <ClInclude Include="Include\ProcessInterfaceH2C.h">
      <Filter>头文件</Filter>
    </ClInclude>
    <ClInclude Include="Include\ProcessInterfaceKC.h">
      <Filter>头文件</Filter>
    </ClInclude>
    <ClInclude Include="Include\ProcessInterfaceKS.h">
      <Filter>头文件</Filter>
    </ClInclude>
    <ClInclude Include="Include\TradePacket.h">
      <Filter>头文件</Filter>
    </ClInclude>
  </ItemGroup>
</Project>