<?xml version="1.0" encoding="utf-8"?>
<Project ToolsVersion="4.0" xmlns="http://schemas.microsoft.com/developer/msbuild/2003">
  <ItemGroup>
    <Filter Include="源文件">
      <UniqueIdentifier>{4FC737F1-C7A5-4376-A066-2A32D752A2FF}</UniqueIdentifier>
      <Extensions>cpp;c;cc;cxx;def;odl;idl;hpj;bat;asm;asmx</Extensions>
    </Filter>
    <Filter Include="头文件">
      <UniqueIdentifier>{93995380-89BD-4b04-88EB-625FBE52EBFB}</UniqueIdentifier>
      <Extensions>h;hpp;hxx;hm;inl;inc;xsd</Extensions>
    </Filter>
    <Filter Include="资源文件">
      <UniqueIdentifier>{67DA6AB6-F800-4c08-8B7A-83BB121AAD01}</UniqueIdentifier>
      <Extensions>rc;ico;cur;bmp;dlg;rc2;rct;bin;rgs;gif;jpg;jpeg;jpe;resx;tiff;tif;png;wav</Extensions>
    </Filter>
  </ItemGroup>
  <ItemGroup>
    <ClCompile Include="Src\ConfigImpl.cpp">
      <Filter>源文件</Filter>
    </ClCompile>
    <ClCompile Include="Src\ConsoleLogDev.cpp">
      <Filter>源文件</Filter>
    </ClCompile>
    <ClCompile Include="Src\Encode.cpp">
      <Filter>源文件</Filter>
    </ClCompile>
    <ClCompile Include="Src\FileLogDev.cpp">
      <Filter>源文件</Filter>
    </ClCompile>
    <ClCompile Include="Src\GessDate.cpp">
      <Filter>源文件</Filter>
    </ClCompile>
    <ClCompile Include="Src\GessDateTime.cpp">
      <Filter>源文件</Filter>
    </ClCompile>
    <ClCompile Include="Src\GessTime.cpp">
      <Filter>源文件</Filter>
    </ClCompile>
    <ClCompile Include="Src\GessTimerMgr.cpp">
      <Filter>源文件</Filter>
    </ClCompile>
    <ClCompile Include="Src\GessTimerPosix.cpp">
      <Filter>源文件</Filter>
    </ClCompile>
    <ClCompile Include="Src\LogDevice.cpp">
      <Filter>源文件</Filter>
    </ClCompile>
    <ClCompile Include="Src\Logger.cpp">
      <Filter>源文件</Filter>
    </ClCompile>
    <ClCompile Include="Src\MD5.cpp">
      <Filter>源文件</Filter>
    </ClCompile>
    <ClCompile Include="Src\NetLogDev.cpp">
      <Filter>源文件</Filter>
    </ClCompile>
    <ClCompile Include="src\strutils.cpp">
      <Filter>源文件</Filter>
    </ClCompile>
    <ClCompile Include="Src\ThreadInterface.cpp">
      <Filter>源文件</Filter>
    </ClCompile>
  </ItemGroup>
  <ItemGroup>
    <ClInclude Include="Include\Config.h">
      <Filter>头文件</Filter>
    </ClInclude>
    <ClInclude Include="Include\ConfigImpl.h">
      <Filter>头文件</Filter>
    </ClInclude>
    <ClInclude Include="Include\ConsoleLogDev.h">
      <Filter>头文件</Filter>
    </ClInclude>
    <ClInclude Include="Include\Constant.h">
      <Filter>头文件</Filter>
    </ClInclude>
    <ClInclude Include="Include\Encode.h">
      <Filter>头文件</Filter>
    </ClInclude>
    <ClInclude Include="Include\FileLogDev.h">
      <Filter>头文件</Filter>
    </ClInclude>
    <ClInclude Include="include\Gess.h">
      <Filter>头文件</Filter>
    </ClInclude>
    <ClInclude Include="Include\GessDate.h">
      <Filter>头文件</Filter>
    </ClInclude>
    <ClInclude Include="Include\GessDateTime.h">
      <Filter>头文件</Filter>
    </ClInclude>
    <ClInclude Include="Include\GessTime.h">
      <Filter>头文件</Filter>
    </ClInclude>
    <ClInclude Include="Include\GessTimerMgr.h">
      <Filter>头文件</Filter>
    </ClInclude>
    <ClInclude Include="Include\GessTimerMgrPosix.h">
      <Filter>头文件</Filter>
    </ClInclude>
    <ClInclude Include="Include\LogDevice.h">
      <Filter>头文件</Filter>
    </ClInclude>
    <ClInclude Include="Include\Logger.h">
      <Filter>头文件</Filter>
    </ClInclude>
    <ClInclude Include="Include\MD5.h">
      <Filter>头文件</Filter>
    </ClInclude>
    <ClInclude Include="Include\netlogdev.h">
      <Filter>头文件</Filter>
    </ClInclude>
    <ClInclude Include="include\osdepend.h">
      <Filter>头文件</Filter>
    </ClInclude>
    <ClInclude Include="include\Singleton.h">
      <Filter>头文件</Filter>
    </ClInclude>
    <ClInclude Include="include\strutils.h">
      <Filter>头文件</Filter>
    </ClInclude>
    <ClInclude Include="Include\ThreadInterface.h">
      <Filter>头文件</Filter>
    </ClInclude>
    <ClInclude Include="Include\WorkThread.h">
      <Filter>头文件</Filter>
    </ClInclude>
  </ItemGroup>
</Project>